
Microsoft Visual Studio Solution File, Format Version 12.00
# Visual Studio Version 16
VisualStudioVersion = 16.0.30804.86
MinimumVisualStudioVersion = 10.0.40219.1
Project("{FAE04EC0-301F-11D3-BF4B-00C04F79EFBC}") = "GeodeExampleCSharp", "GeodeExampleCSharp.csproj", "{F44ADFE3-07D8-424B-8792-84A70A3D7183}"
EndProject
Global
	GlobalSection(SolutionConfigurationPlatforms) = preSolution
		Debug|Any CPU = Debug|Any CPU
		Release|Any CPU = Release|Any CPU
	EndGlobalSection
	GlobalSection(ProjectConfigurationPlatforms) = postSolution
		{F44ADFE3-07D8-424B-8792-84A70A3D7183}.Debug|Any CPU.ActiveCfg = Debug|Any CPU
		{F44ADFE3-07D8-424B-8792-84A70A3D7183}.Debug|Any CPU.Build.0 = Debug|Any CPU
		{F44ADFE3-07D8-424B-8792-84A70A3D7183}.Release|Any CPU.ActiveCfg = Release|Any CPU
		{F44ADFE3-07D8-424B-8792-84A70A3D7183}.Release|Any CPU.Build.0 = Release|Any CPU
	EndGlobalSection
	GlobalSection(SolutionProperties) = preSolution
		HideSolutionNode = FALSE
	EndGlobalSection
	GlobalSection(ExtensibilityGlobals) = postSolution
		SolutionGuid = {F67ED553-7651-4ADF-A0CA-53D662833580}
	EndGlobalSection
EndGlobal
